{
  "name": "node_http_app",
  "version": "1.0.0",
  "lockfileVersion": 3,
  "requires": true,
  "packages": {
    "": {
      "name": "node_http_app",
      "version": "1.0.0",
      "license": "ISC",
      "dependencies": {
        "nodemon": "^3.0.3",
        "tonal": "^6.0.0",
        "tonal-detect": "^2.2.2"
      }
    },
    "node_modules/@tonaljs/abc-notation": {
      "version": "4.8.3",
      "resolved": "https://registry.npmjs.org/@tonaljs/abc-notation/-/abc-notation-4.8.3.tgz",
      "integrity": "sha512-ZN+wrlDdiFOLgbGcXiCcCd/ek8P42t7EMgjTA5yVTU8+WwtMSDPmZyNMvfETEVZoWvCOAOW9UVXemP9oFV9OxA==",
      "dependencies": {
        "@tonaljs/pitch-distance": "5.0.3",
        "@tonaljs/pitch-note": "6.0.0"
      }
    },
    "node_modules/@tonaljs/array": {
      "version": "4.8.3",
      "resolved": "https://registry.npmjs.org/@tonaljs/array/-/array-4.8.3.tgz",
      "integrity": "sha512-TeX5vqk61EhlRAIo70d0hKt3a0FEcROsu9ETtTclXl+qaQ1QtEEs0M+B46IZ+sQo5T3s8vtz5z1yCiK26HPr5A==",
      "dependencies": {
        "@tonaljs/pitch-note": "6.0.0"
      }
    },
    "node_modules/@tonaljs/chord": {
      "version": "6.0.0",
      "resolved": "https://registry.npmjs.org/@tonaljs/chord/-/chord-6.0.0.tgz",
      "integrity": "sha512-lWTSynCzPO5rV6CQUoM7b5DqmO0VYq3hEwSwo5d+tEdocYwUvfDbPl1JHq2un9f+5nEnNRkb8AfRsbi9wyVsIg==",
      "dependencies": {
        "@tonaljs/chord-detect": "4.8.5",
        "@tonaljs/chord-type": "5.0.5",
        "@tonaljs/collection": "4.8.1",
        "@tonaljs/interval": "^5.0.0",
        "@tonaljs/pcset": "4.9.2",
        "@tonaljs/pitch-distance": "5.0.3",
        "@tonaljs/pitch-note": "6.0.0",
        "@tonaljs/scale-type": "4.8.5"
      }
    },
    "node_modules/@tonaljs/chord-detect": {
      "version": "4.8.5",
      "resolved": "https://registry.npmjs.org/@tonaljs/chord-detect/-/chord-detect-4.8.5.tgz",
      "integrity": "sha512-sH4WBP9wk70YcFAcb02vd6C5odRXj+aoIgf6WaHHFmp/8AH5aK+Vr3uLVavw7u/1mf0B4XK5hGdGEUuQynGTrw==",
      "dependencies": {
        "@tonaljs/chord-type": "5.0.5",
        "@tonaljs/core": "5.0.0",
        "@tonaljs/pcset": "4.9.2"
      }
    },
    "node_modules/@tonaljs/chord-type": {
      "version": "5.0.5",
      "resolved": "https://registry.npmjs.org/@tonaljs/chord-type/-/chord-type-5.0.5.tgz",
      "integrity": "sha512-Rne/7YwXgPAQSt8DM6/yb61Hfp8stQR4SrhbePjzB/oVwVIzUL+uxH29uwd/KxDkIEITaHXS3v5ntRcVXCQYnA==",
      "dependencies": {
        "@tonaljs/core": "5.0.0",
        "@tonaljs/pcset": "4.9.2"
      }
    },
    "node_modules/@tonaljs/collection": {
      "version": "4.8.1",
      "resolved": "https://registry.npmjs.org/@tonaljs/collection/-/collection-4.8.1.tgz",
      "integrity": "sha512-2TaiK9QEjOCkV7jW2B9uo5FPetNoiS9//nNPWXOWjB/E9KGd2SV1THEuxLx1Ew3uXUQpezup5adNljbZtOHbrA=="
    },
    "node_modules/@tonaljs/core": {
      "version": "5.0.0",
      "resolved": "https://registry.npmjs.org/@tonaljs/core/-/core-5.0.0.tgz",
      "integrity": "sha512-vifjXX+xKidK+q1xGgcfGX79HtIMydXp1NrdGG5VshYHC3TRpVNti4HJDb/6qOjokQp9as/iOCyaAmcWIq0ZUA==",
      "dependencies": {
        "@tonaljs/pitch": "5.0.2",
        "@tonaljs/pitch-distance": "5.0.3",
        "@tonaljs/pitch-interval": "6.0.0",
        "@tonaljs/pitch-note": "6.0.0"
      }
    },
    "node_modules/@tonaljs/duration-value": {
      "version": "4.8.1",
      "resolved": "https://registry.npmjs.org/@tonaljs/duration-value/-/duration-value-4.8.1.tgz",
      "integrity": "sha512-/jP8Q+z2h+2+IBeTsyF9KWedqu8Jffhvp17/H6pxUJ7b1U+HNdn5G7KfXbblEqhykYSKTSKK/m+86M7j4RnAgw=="
    },
    "node_modules/@tonaljs/interval": {
      "version": "5.0.0",
      "resolved": "https://registry.npmjs.org/@tonaljs/interval/-/interval-5.0.0.tgz",
      "integrity": "sha512-WXmi0TdijggCzREc2B0RN3ZtgUQhu8E7DXVqL/lVLAZA8zaVfsFAv4k1NdXr7bkmcCM4yzhXeGzBo8L2QJR1SA==",
      "dependencies": {
        "@tonaljs/pitch": "^5.0.2",
        "@tonaljs/pitch-distance": "^5.0.3",
        "@tonaljs/pitch-interval": "^6.0.0"
      }
    },
    "node_modules/@tonaljs/key": {
      "version": "4.9.4",
      "resolved": "https://registry.npmjs.org/@tonaljs/key/-/key-4.9.4.tgz",
      "integrity": "sha512-oq+C8AAmHJdkWs2Txq3ZR5koIeKYSNwQwR3G+Y1Bd+XbXvd/d9d7xJmzxUWY8fnFnvOve8FNShCvoWfnF62HtQ==",
      "dependencies": {
        "@tonaljs/core": "5.0.0",
        "@tonaljs/note": "4.10.3",
        "@tonaljs/roman-numeral": "4.8.3"
      }
    },
    "node_modules/@tonaljs/midi": {
      "version": "4.9.3",
      "resolved": "https://registry.npmjs.org/@tonaljs/midi/-/midi-4.9.3.tgz",
      "integrity": "sha512-sz6XrX6qoYSW3yDpR0K5JhYpsvlzrIJYFfRiOdf4kmnTPAewYyg7f8nLRMl502lBNCt80Bktx4mDHXaL6tWVKw==",
      "dependencies": {
        "@tonaljs/core": "5.0.0"
      }
    },
    "node_modules/@tonaljs/mode": {
      "version": "4.8.4",
      "resolved": "https://registry.npmjs.org/@tonaljs/mode/-/mode-4.8.4.tgz",
      "integrity": "sha512-6416B8YgWj6hgWgHPsSvizCMoyWg66C/TlviSexQNnYjQHAlp0rAOcLTL3IskVrFNTgNMlNP1vcj+s1kt18LuQ==",
      "dependencies": {
        "@tonaljs/collection": "4.8.1",
        "@tonaljs/core": "5.0.0",
        "@tonaljs/interval": "5.0.0",
        "@tonaljs/pcset": "4.9.2",
        "@tonaljs/scale-type": "4.8.5"
      }
    },
    "node_modules/@tonaljs/note": {
      "version": "4.10.3",
      "resolved": "https://registry.npmjs.org/@tonaljs/note/-/note-4.10.3.tgz",
      "integrity": "sha512-GvNILH91kkBV9ISAHK75gFkI8Jr0mvKRkO/wU1OhUAapnOrNzFS+EqxusKGc2Lz2MLIbVFRIBqWdyhxIwgpSCg==",
      "dependencies": {
        "@tonaljs/core": "5.0.0",
        "@tonaljs/midi": "4.9.3"
      }
    },
    "node_modules/@tonaljs/pcset": {
      "version": "4.9.2",
      "resolved": "https://registry.npmjs.org/@tonaljs/pcset/-/pcset-4.9.2.tgz",
      "integrity": "sha512-s8enXa/nsFkJkz96VjcFu+fapEr69ENhr3yoHykPsU+0MlZ9aMWXilE97Ek3eHAX9gT55+mElEU7qGWkwdaU9w==",
      "dependencies": {
        "@tonaljs/collection": "4.8.1",
        "@tonaljs/core": "5.0.0"
      }
    },
    "node_modules/@tonaljs/pitch": {
      "version": "5.0.2",
      "resolved": "https://registry.npmjs.org/@tonaljs/pitch/-/pitch-5.0.2.tgz",
      "integrity": "sha512-mxaXJPPe+LIJdjzpZEl8I8Wx3dEvlzkBbsr2Ltwc2dTAdnErAZ5R0TxVq2egF27lMvQN2QPQPWI9iDPPdVUmrg=="
    },
    "node_modules/@tonaljs/pitch-distance": {
      "version": "5.0.3",
      "resolved": "https://registry.npmjs.org/@tonaljs/pitch-distance/-/pitch-distance-5.0.3.tgz",
      "integrity": "sha512-3sgU93gfNsMX1wAYXraYJyIJMIViXZRE1Fh/OXwbUi6lEX/iLRmFVSz37ObnaRaOz0pVm+uUhvW2iKy8QtOWpw==",
      "dependencies": {
        "@tonaljs/pitch": "5.0.2",
        "@tonaljs/pitch-interval": "6.0.0",
        "@tonaljs/pitch-note": "6.0.0"
      }
    },
    "node_modules/@tonaljs/pitch-interval": {
      "version": "6.0.0",
      "resolved": "https://registry.npmjs.org/@tonaljs/pitch-interval/-/pitch-interval-6.0.0.tgz",
      "integrity": "sha512-0iaFWbgshYWjfmdxzF8jNmTqsNK2krwn+FqDRZb8vEsfaSNC8Jek0f5wYcE2to+7f0P5jJlJnj8CUGvlfKIT5A==",
      "dependencies": {
        "@tonaljs/pitch": "5.0.2"
      }
    },
    "node_modules/@tonaljs/pitch-note": {
      "version": "6.0.0",
      "resolved": "https://registry.npmjs.org/@tonaljs/pitch-note/-/pitch-note-6.0.0.tgz",
      "integrity": "sha512-m4Ei7zwSsKwotVfnodA7m1SR7zD5NNIea+V7Mo35EcK32ZJBg+SvxdwgfNNdLO8bkDbVrZIgVYqeP3R3Jq7VFQ==",
      "dependencies": {
        "@tonaljs/pitch": "5.0.2"
      }
    },
    "node_modules/@tonaljs/progression": {
      "version": "4.8.4",
      "resolved": "https://registry.npmjs.org/@tonaljs/progression/-/progression-4.8.4.tgz",
      "integrity": "sha512-cybCQ3szoozZW5v8jydRxdmDCGiZ2sE8qEnqbNz7+RY7WtZCXbK8MAFjPq2M5NGxIwnw94sbM7RV7d6f5W7+nA==",
      "dependencies": {
        "@tonaljs/chord": "6.0.0",
        "@tonaljs/core": "5.0.0",
        "@tonaljs/roman-numeral": "4.8.3"
      }
    },
    "node_modules/@tonaljs/range": {
      "version": "4.8.4",
      "resolved": "https://registry.npmjs.org/@tonaljs/range/-/range-4.8.4.tgz",
      "integrity": "sha512-ASB+i34Z5cXnBntaZOlmgZTfiLdKpMjSCL0ohE4ebZBTbTkuZWMKUucMxe2xpNKNBByPKVmeocv/Wpr8GNzU1Q==",
      "dependencies": {
        "@tonaljs/collection": "4.8.1",
        "@tonaljs/midi": "4.9.3"
      }
    },
    "node_modules/@tonaljs/roman-numeral": {
      "version": "4.8.3",
      "resolved": "https://registry.npmjs.org/@tonaljs/roman-numeral/-/roman-numeral-4.8.3.tgz",
      "integrity": "sha512-U3LnDSVSngWiHEECPAWCvOlqZC0vt8IL/IoXSKXpt9YfW9NYRUlejoQack1NM9M80P8fCBnJQ7Uz3x8mC1eRow==",
      "dependencies": {
        "@tonaljs/core": "5.0.0"
      }
    },
    "node_modules/@tonaljs/scale": {
      "version": "4.12.5",
      "resolved": "https://registry.npmjs.org/@tonaljs/scale/-/scale-4.12.5.tgz",
      "integrity": "sha512-zO9kF8DJqcaffN01AXX/CHaxBMboq1xvxxLplcIxFJHN+Nmr0pb6DPdqHDIan3U+nqlRqMw731XpZqRApRTqLg==",
      "dependencies": {
        "@tonaljs/chord-type": "5.0.5",
        "@tonaljs/collection": "4.8.1",
        "@tonaljs/core": "5.0.0",
        "@tonaljs/note": "4.10.3",
        "@tonaljs/pcset": "4.9.2",
        "@tonaljs/scale-type": "4.8.5"
      }
    },
    "node_modules/@tonaljs/scale-type": {
      "version": "4.8.5",
      "resolved": "https://registry.npmjs.org/@tonaljs/scale-type/-/scale-type-4.8.5.tgz",
      "integrity": "sha512-3DCo/r3QEalIDG7dSBgRFD90Tm22qXSHuz5pyDUMNZpQuodzxz1BvsXSkC3CMGchX4eoaSjtArfKIrz0oEJUhw==",
      "dependencies": {
        "@tonaljs/core": "5.0.0",
        "@tonaljs/pcset": "4.9.2"
      }
    },
    "node_modules/@tonaljs/time-signature": {
      "version": "4.8.1",
      "resolved": "https://registry.npmjs.org/@tonaljs/time-signature/-/time-signature-4.8.1.tgz",
      "integrity": "sha512-P3h2S1M006LpmPkwuAVS/pP02Hns6pSzKP2ghyit4Lszj4ppwNwcyJ1hgT/TVkiwMbUVbNltTKDraonG+2Xe/g=="
    },
    "node_modules/@tonaljs/voice-leading": {
      "version": "5.0.3",
      "resolved": "https://registry.npmjs.org/@tonaljs/voice-leading/-/voice-leading-5.0.3.tgz",
      "integrity": "sha512-SFG0YPnuTyyW2tb5bKe2+InJGDb7SGGsfjIxIiIm+B3lhCuQKL9ugOUUgD47uUO3ppidGkbbLZhDABKbLmkvWg==",
      "dependencies": {
        "@tonaljs/note": "4.10.3"
      }
    },
    "node_modules/@tonaljs/voicing": {
      "version": "5.0.3",
      "resolved": "https://registry.npmjs.org/@tonaljs/voicing/-/voicing-5.0.3.tgz",
      "integrity": "sha512-bPE7A086gYlw/Bbbf+XblBtK5pt9bZ3k1sAABZwdaumi7a+8oifHMouaZl2AP3PEYuMkF/80SXDeyC2MvawMKA==",
      "dependencies": {
        "@tonaljs/chord": "6.0.0",
        "@tonaljs/interval": "5.0.0",
        "@tonaljs/note": "4.10.3",
        "@tonaljs/range": "4.8.4",
        "@tonaljs/voice-leading": "5.0.3",
        "@tonaljs/voicing-dictionary": "5.0.3"
      }
    },
    "node_modules/@tonaljs/voicing-dictionary": {
      "version": "5.0.3",
      "resolved": "https://registry.npmjs.org/@tonaljs/voicing-dictionary/-/voicing-dictionary-5.0.3.tgz",
      "integrity": "sha512-mXg1+9fbMxv/3SZLUss5FIPyAnV5aRognE/suV2FXb3cf+20PjyNGGlRN60w5SBbNZfzj+GPf8DeIwob+RbV8w==",
      "dependencies": {
        "@tonaljs/chord": "6.0.0",
        "@tonaljs/note": "4.10.3",
        "@tonaljs/voice-leading": "5.0.3"
      }
    },
    "node_modules/abbrev": {
      "version": "1.1.1",
      "resolved": "https://registry.npmjs.org/abbrev/-/abbrev-1.1.1.tgz",
      "integrity": "sha512-nne9/IiQ/hzIhY6pdDnbBtz7DjPTKrY00P/zvPSm5pOFkl6xuGrGnXn/VtTNNfNtAfZ9/1RtehkszU9qcTii0Q=="
    },
    "node_modules/anymatch": {
      "version": "3.1.3",
      "resolved": "https://registry.npmjs.org/anymatch/-/anymatch-3.1.3.tgz",
      "integrity": "sha512-KMReFUr0B4t+D+OBkjR3KYqvocp2XaSzO55UcB6mgQMd3KbcE+mWTyvVV7D/zsdEbNnV6acZUutkiHQXvTr1Rw==",
      "dependencies": {
        "normalize-path": "^3.0.0",
        "picomatch": "^2.0.4"
      },
      "engines": {
        "node": ">= 8"
      }
    },
    "node_modules/balanced-match": {
      "version": "1.0.2",
      "resolved": "https://registry.npmjs.org/balanced-match/-/balanced-match-1.0.2.tgz",
      "integrity": "sha512-3oSeUO0TMV67hN1AmbXsK4yaqU7tjiHlbxRDZOpH0KW9+CeX4bRAaX0Anxt0tx2MrpRpWwQaPwIlISEJhYU5Pw=="
    },
    "node_modules/binary-extensions": {
      "version": "2.2.0",
      "resolved": "https://registry.npmjs.org/binary-extensions/-/binary-extensions-2.2.0.tgz",
      "integrity": "sha512-jDctJ/IVQbZoJykoeHbhXpOlNBqGNcwXJKJog42E5HDPUwQTSdjCHdihjj0DlnheQ7blbT6dHOafNAiS8ooQKA==",
      "engines": {
        "node": ">=8"
      }
    },
    "node_modules/brace-expansion": {
      "version": "1.1.11",
      "resolved": "https://registry.npmjs.org/brace-expansion/-/brace-expansion-1.1.11.tgz",
      "integrity": "sha512-iCuPHDFgrHX7H2vEI/5xpz07zSHB00TpugqhmYtVmMO6518mCuRMoOYFldEBl0g187ufozdaHgWKcYFb61qGiA==",
      "dependencies": {
        "balanced-match": "^1.0.0",
        "concat-map": "0.0.1"
      }
    },
    "node_modules/braces": {
      "version": "3.0.2",
      "resolved": "https://registry.npmjs.org/braces/-/braces-3.0.2.tgz",
      "integrity": "sha512-b8um+L1RzM3WDSzvhm6gIz1yfTbBt6YTlcEKAvsmqCZZFw46z626lVj9j1yEPW33H5H+lBQpZMP1k8l+78Ha0A==",
      "dependencies": {
        "fill-range": "^7.0.1"
      },
      "engines": {
        "node": ">=8"
      }
    },
    "node_modules/chokidar": {
      "version": "3.6.0",
      "resolved": "https://registry.npmjs.org/chokidar/-/chokidar-3.6.0.tgz",
      "integrity": "sha512-7VT13fmjotKpGipCW9JEQAusEPE+Ei8nl6/g4FBAmIm0GOOLMua9NDDo/DWp0ZAxCr3cPq5ZpBqmPAQgDda2Pw==",
      "dependencies": {
        "anymatch": "~3.1.2",
        "braces": "~3.0.2",
        "glob-parent": "~5.1.2",
        "is-binary-path": "~2.1.0",
        "is-glob": "~4.0.1",
        "normalize-path": "~3.0.0",
        "readdirp": "~3.6.0"
      },
      "engines": {
        "node": ">= 8.10.0"
      },
      "funding": {
        "url": "https://paulmillr.com/funding/"
      },
      "optionalDependencies": {
        "fsevents": "~2.3.2"
      }
    },
    "node_modules/concat-map": {
      "version": "0.0.1",
      "resolved": "https://registry.npmjs.org/concat-map/-/concat-map-0.0.1.tgz",
      "integrity": "sha512-/Srv4dswyQNBfohGpz9o6Yb3Gz3SrUDqBH5rTuhGR7ahtlbYKnVxw2bCFMRljaA7EXHaXZ8wsHdodFvbkhKmqg=="
    },
    "node_modules/debug": {
      "version": "4.3.4",
      "resolved": "https://registry.npmjs.org/debug/-/debug-4.3.4.tgz",
      "integrity": "sha512-PRWFHuSU3eDtQJPvnNY7Jcket1j0t5OuOsFzPPzsekD52Zl8qUfFIPEiswXqIvHWGVHOgX+7G/vCNNhehwxfkQ==",
      "dependencies": {
        "ms": "2.1.2"
      },
      "engines": {
        "node": ">=6.0"
      },
      "peerDependenciesMeta": {
        "supports-color": {
          "optional": true
        }
      }
    },
    "node_modules/fill-range": {
      "version": "7.0.1",
      "resolved": "https://registry.npmjs.org/fill-range/-/fill-range-7.0.1.tgz",
      "integrity": "sha512-qOo9F+dMUmC2Lcb4BbVvnKJxTPjCm+RRpe4gDuGrzkL7mEVl/djYSu2OdQ2Pa302N4oqkSg9ir6jaLWJ2USVpQ==",
      "dependencies": {
        "to-regex-range": "^5.0.1"
      },
      "engines": {
        "node": ">=8"
      }
    },
    "node_modules/fsevents": {
      "version": "2.3.3",
      "resolved": "https://registry.npmjs.org/fsevents/-/fsevents-2.3.3.tgz",
      "integrity": "sha512-5xoDfX+fL7faATnagmWPpbFtwh/R77WmMMqqHGS65C3vvB0YHrgF+B1YmZ3441tMj5n63k0212XNoJwzlhffQw==",
      "hasInstallScript": true,
      "optional": true,
      "os": [
        "darwin"
      ],
      "engines": {
        "node": "^8.16.0 || ^10.6.0 || >=11.0.0"
      }
    },
    "node_modules/glob-parent": {
      "version": "5.1.2",
      "resolved": "https://registry.npmjs.org/glob-parent/-/glob-parent-5.1.2.tgz",
      "integrity": "sha512-AOIgSQCepiJYwP3ARnGx+5VnTu2HBYdzbGP45eLw1vr3zB3vZLeyed1sC9hnbcOc9/SrMyM5RPQrkGz4aS9Zow==",
      "dependencies": {
        "is-glob": "^4.0.1"
      },
      "engines": {
        "node": ">= 6"
      }
    },
    "node_modules/has-flag": {
      "version": "3.0.0",
      "resolved": "https://registry.npmjs.org/has-flag/-/has-flag-3.0.0.tgz",
      "integrity": "sha512-sKJf1+ceQBr4SMkvQnBDNDtf4TXpVhVGateu0t918bl30FnbE2m4vNLX+VWe/dpjlb+HugGYzW7uQXH98HPEYw==",
      "engines": {
        "node": ">=4"
      }
    },
    "node_modules/ignore-by-default": {
      "version": "1.0.1",
      "resolved": "https://registry.npmjs.org/ignore-by-default/-/ignore-by-default-1.0.1.tgz",
      "integrity": "sha512-Ius2VYcGNk7T90CppJqcIkS5ooHUZyIQK+ClZfMfMNFEF9VSE73Fq+906u/CWu92x4gzZMWOwfFYckPObzdEbA=="
    },
    "node_modules/is-binary-path": {
      "version": "2.1.0",
      "resolved": "https://registry.npmjs.org/is-binary-path/-/is-binary-path-2.1.0.tgz",
      "integrity": "sha512-ZMERYes6pDydyuGidse7OsHxtbI7WVeUEozgR/g7rd0xUimYNlvZRE/K2MgZTjWy725IfelLeVcEM97mmtRGXw==",
      "dependencies": {
        "binary-extensions": "^2.0.0"
      },
      "engines": {
        "node": ">=8"
      }
    },
    "node_modules/is-extglob": {
      "version": "2.1.1",
      "resolved": "https://registry.npmjs.org/is-extglob/-/is-extglob-2.1.1.tgz",
      "integrity": "sha512-SbKbANkN603Vi4jEZv49LeVJMn4yGwsbzZworEoyEiutsN3nJYdbO36zfhGJ6QEDpOZIFkDtnq5JRxmvl3jsoQ==",
      "engines": {
        "node": ">=0.10.0"
      }
    },
    "node_modules/is-glob": {
      "version": "4.0.3",
      "resolved": "https://registry.npmjs.org/is-glob/-/is-glob-4.0.3.tgz",
      "integrity": "sha512-xelSayHH36ZgE7ZWhli7pW34hNbNl8Ojv5KVmkJD4hBdD3th8Tfk9vYasLM+mXWOZhFkgZfxhLSnrwRr4elSSg==",
      "dependencies": {
        "is-extglob": "^2.1.1"
      },
      "engines": {
        "node": ">=0.10.0"
      }
    },
    "node_modules/is-number": {
      "version": "7.0.0",
      "resolved": "https://registry.npmjs.org/is-number/-/is-number-7.0.0.tgz",
      "integrity": "sha512-41Cifkg6e8TylSpdtTpeLVMqvSBEVzTttHvERD741+pnZ8ANv0004MRL43QKPDlK9cGvNp6NZWZUBlbGXYxxng==",
      "engines": {
        "node": ">=0.12.0"
      }
    },
    "node_modules/lru-cache": {
      "version": "6.0.0",
      "resolved": "https://registry.npmjs.org/lru-cache/-/lru-cache-6.0.0.tgz",
      "integrity": "sha512-Jo6dJ04CmSjuznwJSS3pUeWmd/H0ffTlkXXgwZi+eq1UCmqQwCh+eLsYOYCwY991i2Fah4h1BEMCx4qThGbsiA==",
      "dependencies": {
        "yallist": "^4.0.0"
      },
      "engines": {
        "node": ">=10"
      }
    },
    "node_modules/minimatch": {
      "version": "3.1.2",
      "resolved": "https://registry.npmjs.org/minimatch/-/minimatch-3.1.2.tgz",
      "integrity": "sha512-J7p63hRiAjw1NDEww1W7i37+ByIrOWO5XQQAzZ3VOcL0PNybwpfmV/N05zFAzwQ9USyEcX6t3UO+K5aqBQOIHw==",
      "dependencies": {
        "brace-expansion": "^1.1.7"
      },
      "engines": {
        "node": "*"
      }
    },
    "node_modules/ms": {
      "version": "2.1.2",
      "resolved": "https://registry.npmjs.org/ms/-/ms-2.1.2.tgz",
      "integrity": "sha512-sGkPx+VjMtmA6MX27oA4FBFELFCZZ4S4XqeGOXCv68tT+jb3vk/RyaKWP0PTKyWtmLSM0b+adUTEvbs1PEaH2w=="
    },
    "node_modules/nodemon": {
      "version": "3.0.3",
      "resolved": "https://registry.npmjs.org/nodemon/-/nodemon-3.0.3.tgz",
      "integrity": "sha512-7jH/NXbFPxVaMwmBCC2B9F/V6X1VkEdNgx3iu9jji8WxWcvhMWkmhNWhI5077zknOnZnBzba9hZP6bCPJLSReQ==",
      "dependencies": {
        "chokidar": "^3.5.2",
        "debug": "^4",
        "ignore-by-default": "^1.0.1",
        "minimatch": "^3.1.2",
        "pstree.remy": "^1.1.8",
        "semver": "^7.5.3",
        "simple-update-notifier": "^2.0.0",
        "supports-color": "^5.5.0",
        "touch": "^3.1.0",
        "undefsafe": "^2.0.5"
      },
      "bin": {
        "nodemon": "bin/nodemon.js"
      },
      "engines": {
        "node": ">=10"
      },
      "funding": {
        "type": "opencollective",
        "url": "https://opencollective.com/nodemon"
      }
    },
    "node_modules/nopt": {
      "version": "1.0.10",
      "resolved": "https://registry.npmjs.org/nopt/-/nopt-1.0.10.tgz",
      "integrity": "sha512-NWmpvLSqUrgrAC9HCuxEvb+PSloHpqVu+FqcO4eeF2h5qYRhA7ev6KvelyQAKtegUbC6RypJnlEOhd8vloNKYg==",
      "dependencies": {
        "abbrev": "1"
      },
      "bin": {
        "nopt": "bin/nopt.js"
      },
      "engines": {
        "node": "*"
      }
    },
    "node_modules/normalize-path": {
      "version": "3.0.0",
      "resolved": "https://registry.npmjs.org/normalize-path/-/normalize-path-3.0.0.tgz",
      "integrity": "sha512-6eZs5Ls3WtCisHWp9S2GUy8dqkpGi4BVSz3GaqiE6ezub0512ESztXUwUB6C6IKbQkY2Pnb/mD4WYojCRwcwLA==",
      "engines": {
        "node": ">=0.10.0"
      }
    },
    "node_modules/picomatch": {
      "version": "2.3.1",
      "resolved": "https://registry.npmjs.org/picomatch/-/picomatch-2.3.1.tgz",
      "integrity": "sha512-JU3teHTNjmE2VCGFzuY8EXzCDVwEqB2a8fsIvwaStHhAWJEeVd1o1QD80CU6+ZdEXXSLbSsuLwJjkCBWqRQUVA==",
      "engines": {
        "node": ">=8.6"
      },
      "funding": {
        "url": "https://github.com/sponsors/jonschlinkert"
      }
    },
    "node_modules/pstree.remy": {
      "version": "1.1.8",
      "resolved": "https://registry.npmjs.org/pstree.remy/-/pstree.remy-1.1.8.tgz",
      "integrity": "sha512-77DZwxQmxKnu3aR542U+X8FypNzbfJ+C5XQDk3uWjWxn6151aIMGthWYRXTqT1E5oJvg+ljaa2OJi+VfvCOQ8w=="
    },
    "node_modules/readdirp": {
      "version": "3.6.0",
      "resolved": "https://registry.npmjs.org/readdirp/-/readdirp-3.6.0.tgz",
      "integrity": "sha512-hOS089on8RduqdbhvQ5Z37A0ESjsqz6qnRcffsMU3495FuTdqSm+7bhJ29JvIOsBDEEnan5DPu9t3To9VRlMzA==",
      "dependencies": {
        "picomatch": "^2.2.1"
      },
      "engines": {
        "node": ">=8.10.0"
      }
    },
    "node_modules/semver": {
      "version": "7.6.0",
      "resolved": "https://registry.npmjs.org/semver/-/semver-7.6.0.tgz",
      "integrity": "sha512-EnwXhrlwXMk9gKu5/flx5sv/an57AkRplG3hTK68W7FRDN+k+OWBj65M7719OkA82XLBxrcX0KSHj+X5COhOVg==",
      "dependencies": {
        "lru-cache": "^6.0.0"
      },
      "bin": {
        "semver": "bin/semver.js"
      },
      "engines": {
        "node": ">=10"
      }
    },
    "node_modules/simple-update-notifier": {
      "version": "2.0.0",
      "resolved": "https://registry.npmjs.org/simple-update-notifier/-/simple-update-notifier-2.0.0.tgz",
      "integrity": "sha512-a2B9Y0KlNXl9u/vsW6sTIu9vGEpfKu2wRV6l1H3XEas/0gUIzGzBoP/IouTcUQbm9JWZLH3COxyn03TYlFax6w==",
      "dependencies": {
        "semver": "^7.5.3"
      },
      "engines": {
        "node": ">=10"
      }
    },
    "node_modules/supports-color": {
      "version": "5.5.0",
      "resolved": "https://registry.npmjs.org/supports-color/-/supports-color-5.5.0.tgz",
      "integrity": "sha512-QjVjwdXIt408MIiAqCX4oUKsgU2EqAGzs2Ppkm4aQYbjm+ZEWEcW4SfFNTr4uMNZma0ey4f5lgLrkB0aX0QMow==",
      "dependencies": {
        "has-flag": "^3.0.0"
      },
      "engines": {
        "node": ">=4"
      }
    },
    "node_modules/to-regex-range": {
      "version": "5.0.1",
      "resolved": "https://registry.npmjs.org/to-regex-range/-/to-regex-range-5.0.1.tgz",
      "integrity": "sha512-65P7iz6X5yEr1cwcgvQxbbIw7Uk3gOy5dIdtZ4rDveLqhrdJP+Li/Hx6tyK0NEb+2GCyneCMJiGqrADCSNk8sQ==",
      "dependencies": {
        "is-number": "^7.0.0"
      },
      "engines": {
        "node": ">=8.0"
      }
    },
    "node_modules/tonal": {
      "version": "6.0.0",
      "resolved": "https://registry.npmjs.org/tonal/-/tonal-6.0.0.tgz",
      "integrity": "sha512-+IyOUIp7gL3VqZ2CiZppzJswEua8CNb2RZB8kXO1hoKbJsOtB4KGS7OH/LxECP4JYz5ICFdIYP3TdyScAcDj+A==",
      "dependencies": {
        "@tonaljs/abc-notation": "4.8.3",
        "@tonaljs/array": "4.8.3",
        "@tonaljs/chord": "6.0.0",
        "@tonaljs/chord-type": "5.0.5",
        "@tonaljs/collection": "4.8.1",
        "@tonaljs/core": "5.0.0",
        "@tonaljs/duration-value": "4.8.1",
        "@tonaljs/interval": "5.0.0",
        "@tonaljs/key": "4.9.4",
        "@tonaljs/midi": "4.9.3",
        "@tonaljs/mode": "4.8.4",
        "@tonaljs/note": "4.10.3",
        "@tonaljs/pcset": "4.9.2",
        "@tonaljs/progression": "4.8.4",
        "@tonaljs/range": "4.8.4",
        "@tonaljs/roman-numeral": "4.8.3",
        "@tonaljs/scale": "4.12.5",
        "@tonaljs/scale-type": "4.8.5",
        "@tonaljs/time-signature": "4.8.1",
        "@tonaljs/voice-leading": "5.0.3",
        "@tonaljs/voicing": "5.0.3",
        "@tonaljs/voicing-dictionary": "5.0.3"
      }
    },
    "node_modules/tonal-array": {
      "version": "2.2.2",
      "resolved": "https://registry.npmjs.org/tonal-array/-/tonal-array-2.2.2.tgz",
      "integrity": "sha512-h6YIq20L0EEU4EsDoKHAjl5kD2EQn467VfV79QHAuybvNCJpqqRNsQ3QNvoQyir1BgDXaDUIN9FEmQJNiaaCKA==",
      "dependencies": {
        "tonal-note": "^2.2.2"
      }
    },
    "node_modules/tonal-detect": {
      "version": "2.2.2",
      "resolved": "https://registry.npmjs.org/tonal-detect/-/tonal-detect-2.2.2.tgz",
      "integrity": "sha512-gGdIuf7p0KyKszF1SBuBjbUKDQVHszJIQVhW+5myZVSnlBprGVjovYlnbt7vudq4TcZgYRRfyvRILiN+bC0p7Q==",
      "dependencies": {
        "tonal-array": "^2.2.2",
        "tonal-dictionary": "^2.2.2",
        "tonal-note": "^2.2.2",
        "tonal-pcset": "^2.2.2"
      }
    },
    "node_modules/tonal-dictionary": {
      "version": "2.2.2",
      "resolved": "https://registry.npmjs.org/tonal-dictionary/-/tonal-dictionary-2.2.2.tgz",
      "integrity": "sha512-283ppJl/0lohhlVPMI6t5C6XwaP5Wx0egu9qfG9TLCT2tn4pRwYpXkzGufd9icvkJTgOylOum3+RxWmywUIPIg==",
      "dependencies": {
        "tonal-array": "^2.2.2",
        "tonal-note": "^2.2.2",
        "tonal-pcset": "^2.2.2"
      }
    },
    "node_modules/tonal-interval": {
      "version": "2.2.2",
      "resolved": "https://registry.npmjs.org/tonal-interval/-/tonal-interval-2.2.2.tgz",
      "integrity": "sha512-lrtDU8lH5IAX7YE63OhGGDRpVb4OoGxaN0wDu5XC3sUhXBwjSgNYpHY2D9JI2aWQ/Er9jhQbnw9b0ffkLy34+Q=="
    },
    "node_modules/tonal-note": {
      "version": "2.2.2",
      "resolved": "https://registry.npmjs.org/tonal-note/-/tonal-note-2.2.2.tgz",
      "integrity": "sha512-RNK3Nb8PxBEW9yYGStcoczgE8bCYFZ5zfLvYJjvuzLWiwTQmqWOhTzONVobVCGFZ/jgDNwpBEKe/bngL3g3Xfw=="
    },
    "node_modules/tonal-pcset": {
      "version": "2.2.2",
      "resolved": "https://registry.npmjs.org/tonal-pcset/-/tonal-pcset-2.2.2.tgz",
      "integrity": "sha512-PSqhkxzckO6J27W0GxawHYln4wvfDJ7puDmccksyFOBo97UhLnpxiyvBekhiYpkuaMtoZLQC/KALAkEj7lcb+A==",
      "dependencies": {
        "tonal-array": "^2.2.2",
        "tonal-interval": "^2.2.2",
        "tonal-note": "^2.2.2"
      }
    },
    "node_modules/touch": {
      "version": "3.1.0",
      "resolved": "https://registry.npmjs.org/touch/-/touch-3.1.0.tgz",
      "integrity": "sha512-WBx8Uy5TLtOSRtIq+M03/sKDrXCLHxwDcquSP2c43Le03/9serjQBIztjRz6FkJez9D/hleyAXTBGLwwZUw9lA==",
      "dependencies": {
        "nopt": "~1.0.10"
      },
      "bin": {
        "nodetouch": "bin/nodetouch.js"
      }
    },
    "node_modules/undefsafe": {
      "version": "2.0.5",
      "resolved": "https://registry.npmjs.org/undefsafe/-/undefsafe-2.0.5.tgz",
      "integrity": "sha512-WxONCrssBM8TSPRqN5EmsjVrsv4A8X12J4ArBiiayv3DyyG3ZlIg6yysuuSYdZsVz3TKcTg2fd//Ujd4CHV1iA=="
    },
    "node_modules/yallist": {
      "version": "4.0.0",
      "resolved": "https://registry.npmjs.org/yallist/-/yallist-4.0.0.tgz",
      "integrity": "sha512-3wdGidZyq5PB084XLES5TpOSRA3wjXAlIWMhum2kRcv/41Sn2emQ0dycQW4uZXLejwKvg6EsvbdlVL+FYEct7A=="
    }
  }
}
